
Microsoft Visual Studio Solution File, Format Version 12.00
# Visual Studio Version 18
VisualStudioVersion = 18.9.12120.119
MinimumVisualStudioVersion = 10.0.40219.1
Project("{FAE04EC0-301F-11D3-BF4B-00C04F79EFBC}") = "Hangfire.Monitor.Web", "Hangfire.Monitor.Web\Hangfire.Monitor.Web.csproj", "{505E9B65-52C4-4D54-81E0-E2B729B20AA7}"
EndProject
Project("{2150E333-8FDC-42A3-9474-1A3956D46DE8}") = "Solution Items", "Solution Items", "{B4EFC534-BE54-4C77-A176-F74B3662719C}"
	ProjectSection(SolutionItems) = preProject
		.gitignore = .gitignore
		AGENTS.md = AGENTS.md
		LICENSE = LICENSE
		README.md = README.md
	EndProjectSection
EndProject
Project("{FAE04EC0-301F-11D3-BF4B-00C04F79EFBC}") = "Hangfire.Monitor.Tests", "Hangfire.Monitor.Tests\Hangfire.Monitor.Tests.csproj", "{6EEFA331-A714-4F26-A3F8-80BA444DF34A}"
EndProject
Project("{FAE04EC0-301F-11D3-BF4B-00C04F79EFBC}") = "Hangfire.Monitor.Domain", "Hangfire.Monitor.Domain\Hangfire.Monitor.Domain.csproj", "{3058D0E1-D17F-499F-B92E-ECBD5FC02EFA}"
EndProject
Project("{FAE04EC0-301F-11D3-BF4B-00C04F79EFBC}") = "Hangfire.Monitor.Infrastructure", "Hangfire.Monitor.Infrastructure\Hangfire.Monitor.Infrastructure.csproj", "{D3CC43D6-526B-4C6C-AE83-F18D903658CB}"
EndProject
Global
	GlobalSection(SolutionConfigurationPlatforms) = preSolution
		Debug|Any CPU = Debug|Any CPU
		Debug|x64 = Debug|x64
		Debug|x86 = Debug|x86
		Release|Any CPU = Release|Any CPU
		Release|x64 = Release|x64
		Release|x86 = Release|x86
	EndGlobalSection
	GlobalSection(ProjectConfigurationPlatforms) = postSolution
		{505E9B65-52C4-4D54-81E0-E2B729B20AA7}.Debug|Any CPU.ActiveCfg = Debug|Any CPU
		{505E9B65-52C4-4D54-81E0-E2B729B20AA7}.Debug|Any CPU.Build.0 = Debug|Any CPU
		{505E9B65-52C4-4D54-81E0-E2B729B20AA7}.Debug|x64.ActiveCfg = Debug|Any CPU
		{505E9B65-52C4-4D54-81E0-E2B729B20AA7}.Debug|x64.Build.0 = Debug|Any CPU
		{505E9B65-52C4-4D54-81E0-E2B729B20AA7}.Debug|x86.ActiveCfg = Debug|Any CPU
		{505E9B65-52C4-4D54-81E0-E2B729B20AA7}.Debug|x86.Build.0 = Debug|Any CPU
		{505E9B65-52C4-4D54-81E0-E2B729B20AA7}.Release|Any CPU.ActiveCfg = Release|Any CPU
		{505E9B65-52C4-4D54-81E0-E2B729B20AA7}.Release|Any CPU.Build.0 = Release|Any CPU
		{505E9B65-52C4-4D54-81E0-E2B729B20AA7}.Release|x64.ActiveCfg = Release|Any CPU
		{505E9B65-52C4-4D54-81E0-E2B729B20AA7}.Release|x64.Build.0 = Release|Any CPU
		{505E9B65-52C4-4D54-81E0-E2B729B20AA7}.Release|x86.ActiveCfg = Release|Any CPU
		{505E9B65-52C4-4D54-81E0-E2B729B20AA7}.Release|x86.Build.0 = Release|Any CPU
		{6EEFA331-A714-4F26-A3F8-80BA444DF34A}.Debug|Any CPU.ActiveCfg = Debug|Any CPU
		{6EEFA331-A714-4F26-A3F8-80BA444DF34A}.Debug|Any CPU.Build.0 = Debug|Any CPU
		{6EEFA331-A714-4F26-A3F8-80BA444DF34A}.Debug|x64.ActiveCfg = Debug|Any CPU
		{6EEFA331-A714-4F26-A3F8-80BA444DF34A}.Debug|x64.Build.0 = Debug|Any CPU
		{6EEFA331-A714-4F26-A3F8-80BA444DF34A}.Debug|x86.ActiveCfg = Debug|Any CPU
		{6EEFA331-A714-4F26-A3F8-80BA444DF34A}.Debug|x86.Build.0 = Debug|Any CPU
		{6EEFA331-A714-4F26-A3F8-80BA444DF34A}.Release|Any CPU.ActiveCfg = Release|Any CPU
		{6EEFA331-A714-4F26-A3F8-80BA444DF34A}.Release|Any CPU.Build.0 = Release|Any CPU
		{6EEFA331-A714-4F26-A3F8-80BA444DF34A}.Release|x64.ActiveCfg = Release|Any CPU
		{6EEFA331-A714-4F26-A3F8-80BA444DF34A}.Release|x64.Build.0 = Release|Any CPU
		{6EEFA331-A714-4F26-A3F8-80BA444DF34A}.Release|x86.ActiveCfg = Release|Any CPU
		{6EEFA331-A714-4F26-A3F8-80BA444DF34A}.Release|x86.Build.0 = Release|Any CPU
		{3058D0E1-D17F-499F-B92E-ECBD5FC02EFA}.Debug|Any CPU.ActiveCfg = Debug|Any CPU
		{3058D0E1-D17F-499F-B92E-ECBD5FC02EFA}.Debug|Any CPU.Build.0 = Debug|Any CPU
		{3058D0E1-D17F-499F-B92E-ECBD5FC02EFA}.Debug|x64.ActiveCfg = Debug|Any CPU
		{3058D0E1-D17F-499F-B92E-ECBD5FC02EFA}.Debug|x64.Build.0 = Debug|Any CPU
		{3058D0E1-D17F-499F-B92E-ECBD5FC02EFA}.Debug|x86.ActiveCfg = Debug|Any CPU
		{3058D0E1-D17F-499F-B92E-ECBD5FC02EFA}.Debug|x86.Build.0 = Debug|Any CPU
		{3058D0E1-D17F-499F-B92E-ECBD5FC02EFA}.Release|Any CPU.ActiveCfg = Release|Any CPU
		{3058D0E1-D17F-499F-B92E-ECBD5FC02EFA}.Release|Any CPU.Build.0 = Release|Any CPU
		{3058D0E1-D17F-499F-B92E-ECBD5FC02EFA}.Release|x64.ActiveCfg = Release|Any CPU
		{3058D0E1-D17F-499F-B92E-ECBD5FC02EFA}.Release|x64.Build.0 = Release|Any CPU
		{3058D0E1-D17F-499F-B92E-ECBD5FC02EFA}.Release|x86.ActiveCfg = Release|Any CPU
		{3058D0E1-D17F-499F-B92E-ECBD5FC02EFA}.Release|x86.Build.0 = Release|Any CPU
		{D3CC43D6-526B-4C6C-AE83-F18D903658CB}.Debug|Any CPU.ActiveCfg = Debug|Any CPU
		{D3CC43D6-526B-4C6C-AE83-F18D903658CB}.Debug|Any CPU.Build.0 = Debug|Any CPU
		{D3CC43D6-526B-4C6C-AE83-F18D903658CB}.Debug|x64.ActiveCfg = Debug|Any CPU
		{D3CC43D6-526B-4C6C-AE83-F18D903658CB}.Debug|x64.Build.0 = Debug|Any CPU
		{D3CC43D6-526B-4C6C-AE83-F18D903658CB}.Debug|x86.ActiveCfg = Debug|Any CPU
		{D3CC43D6-526B-4C6C-AE83-F18D903658CB}.Debug|x86.Build.0 = Debug|Any CPU
		{D3CC43D6-526B-4C6C-AE83-F18D903658CB}.Release|Any CPU.ActiveCfg = Release|Any CPU
		{D3CC43D6-526B-4C6C-AE83-F18D903658CB}.Release|Any CPU.Build.0 = Release|Any CPU
		{D3CC43D6-526B-4C6C-AE83-F18D903658CB}.Release|x64.ActiveCfg = Release|Any CPU
		{D3CC43D6-526B-4C6C-AE83-F18D903658CB}.Release|x64.Build.0 = Release|Any CPU
		{D3CC43D6-526B-4C6C-AE83-F18D903658CB}.Release|x86.ActiveCfg = Release|Any CPU
		{D3CC43D6-526B-4C6C-AE83-F18D903658CB}.Release|x86.Build.0 = Release|Any CPU
	EndGlobalSection
	GlobalSection(SolutionProperties) = preSolution
		HideSolutionNode = FALSE
	EndGlobalSection
EndGlobal
